
Microsoft Visual Studio Solution File, Format Version 12.00
# Visual Studio 15
Project("{FAE04EC0-301F-11D3-BF4B-00C04F79EFBC}") = "Assembly-CSharp", "Assembly-CSharp.csproj", "{47AA9C18-5C0D-6CBA-E448-04017C163D0B}"
EndProject
Project("{FAE04EC0-301F-11D3-BF4B-00C04F79EFBC}") = "Oculus.VR", "Oculus.VR.csproj", "{4BCFB316-94DA-F0ED-0302-B561BB6375BA}"
EndProject
Project("{FAE04EC0-301F-11D3-BF4B-00C04F79EFBC}") = "Assembly-CSharp-Editor", "Assembly-CSharp-Editor.csproj", "{6A39CBAD-FB33-1C98-7252-3B77ED2D4319}"
EndProject
Project("{FAE04EC0-301F-11D3-BF4B-00C04F79EFBC}") = "Oculus.VR.Scripts.Editor", "Oculus.VR.Scripts.Editor.csproj", "{F7BB917A-A26D-02D3-AE38-E2FA3296FFD8}"
EndProject
Project("{FAE04EC0-301F-11D3-BF4B-00C04F79EFBC}") = "Oculus.VR.Editor", "Oculus.VR.Editor.csproj", "{CDAB06D5-585B-0390-E7C2-D74AE7A40348}"
EndProject
Global
	GlobalSection(SolutionConfigurationPlatforms) = preSolution
		Debug|Any CPU = Debug|Any CPU
		Release|Any CPU = Release|Any CPU
	EndGlobalSection
	GlobalSection(ProjectConfigurationPlatforms) = postSolution
		{47AA9C18-5C0D-6CBA-E448-04017C163D0B}.Debug|Any CPU.ActiveCfg = Debug|Any CPU
		{47AA9C18-5C0D-6CBA-E448-04017C163D0B}.Debug|Any CPU.Build.0 = Debug|Any CPU
		{47AA9C18-5C0D-6CBA-E448-04017C163D0B}.Release|Any CPU.ActiveCfg = Release|Any CPU
		{47AA9C18-5C0D-6CBA-E448-04017C163D0B}.Release|Any CPU.Build.0 = Release|Any CPU
		{4BCFB316-94DA-F0ED-0302-B561BB6375BA}.Debug|Any CPU.ActiveCfg = Debug|Any CPU
		{4BCFB316-94DA-F0ED-0302-B561BB6375BA}.Debug|Any CPU.Build.0 = Debug|Any CPU
		{4BCFB316-94DA-F0ED-0302-B561BB6375BA}.Release|Any CPU.ActiveCfg = Release|Any CPU
		{4BCFB316-94DA-F0ED-0302-B561BB6375BA}.Release|Any CPU.Build.0 = Release|Any CPU
		{6A39CBAD-FB33-1C98-7252-3B77ED2D4319}.Debug|Any CPU.ActiveCfg = Debug|Any CPU
		{6A39CBAD-FB33-1C98-7252-3B77ED2D4319}.Debug|Any CPU.Build.0 = Debug|Any CPU
		{6A39CBAD-FB33-1C98-7252-3B77ED2D4319}.Release|Any CPU.ActiveCfg = Release|Any CPU
		{6A39CBAD-FB33-1C98-7252-3B77ED2D4319}.Release|Any CPU.Build.0 = Release|Any CPU
		{F7BB917A-A26D-02D3-AE38-E2FA3296FFD8}.Debug|Any CPU.ActiveCfg = Debug|Any CPU
		{F7BB917A-A26D-02D3-AE38-E2FA3296FFD8}.Debug|Any CPU.Build.0 = Debug|Any CPU
		{F7BB917A-A26D-02D3-AE38-E2FA3296FFD8}.Release|Any CPU.ActiveCfg = Release|Any CPU
		{F7BB917A-A26D-02D3-AE38-E2FA3296FFD8}.Release|Any CPU.Build.0 = Release|Any CPU
		{CDAB06D5-585B-0390-E7C2-D74AE7A40348}.Debug|Any CPU.ActiveCfg = Debug|Any CPU
		{CDAB06D5-585B-0390-E7C2-D74AE7A40348}.Debug|Any CPU.Build.0 = Debug|Any CPU
		{CDAB06D5-585B-0390-E7C2-D74AE7A40348}.Release|Any CPU.ActiveCfg = Release|Any CPU
		{CDAB06D5-585B-0390-E7C2-D74AE7A40348}.Release|Any CPU.Build.0 = Release|Any CPU
	EndGlobalSection
	GlobalSection(SolutionProperties) = preSolution
		HideSolutionNode = FALSE
	EndGlobalSection
EndGlobal
